// !$*UTF8*$!
{
	archiveVersion = 1;
	classes = {
	};
	objectVersion = 46;
	objects = {

/* Begin PBXBuildFile section */
		03D48D5939DCB3E7CB37504B /* Pods_flix.framework in Frameworks */ = {isa = PBXBuildFile; fileRef = 67F57BE67D5056B0E3344518 /* Pods_flix.framework */; };
		9F9D54EA9875A0A5C05E3DB2 /* Pods_flixUITests.framework in Frameworks */ = {isa = PBXBuildFile; fileRef = C056BEE2366F5EE9FC55EF5D /* Pods_flixUITests.framework */; };
		B508ABFE1DB2D5B30041BEFC /* MovieDetailViewController.swift in Sources */ = {isa = PBXBuildFile; fileRef = B508ABFD1DB2D5B30041BEFC /* MovieDetailViewController.swift */; };
		B508AC001DB2D8670041BEFC /* Movie.swift in Sources */ = {isa = PBXBuildFile; fileRef = B508ABFF1DB2D8670041BEFC /* Movie.swift */; };
		B51BBFED1DB2B750009F1AC8 /* AppDelegate.swift in Sources */ = {isa = PBXBuildFile; fileRef = B51BBFEC1DB2B750009F1AC8 /* AppDelegate.swift */; };
		B51BBFEF1DB2B750009F1AC8 /* MoviesViewController.swift in Sources */ = {isa = PBXBuildFile; fileRef = B51BBFEE1DB2B750009F1AC8 /* MoviesViewController.swift */; };
		B51BBFF21DB2B750009F1AC8 /* Main.storyboard in Resources */ = {isa = PBXBuildFile; fileRef = B51BBFF01DB2B750009F1AC8 /* Main.storyboard */; };
		B51BBFF71DB2B750009F1AC8 /* LaunchScreen.storyboard in Resources */ = {isa = PBXBuildFile; fileRef = B51BBFF51DB2B750009F1AC8 /* LaunchScreen.storyboard */; };
		B51BC0021DB2B750009F1AC8 /* flixTests.swift in Sources */ = {isa = PBXBuildFile; fileRef = B51BC0011DB2B750009F1AC8 /* flixTests.swift */; };
		B51BC00D1DB2B750009F1AC8 /* flixUITests.swift in Sources */ = {isa = PBXBuildFile; fileRef = B51BC00C1DB2B750009F1AC8 /* flixUITests.swift */; };
		B575FB271DB401D60064268B /* TrailerPlayerViewController.swift in Sources */ = {isa = PBXBuildFile; fileRef = B575FB261DB401D60064268B /* TrailerPlayerViewController.swift */; };
		B5827EE11DB31641003C1DBA /* crown.png in Resources */ = {isa = PBXBuildFile; fileRef = B5827EDF1DB31641003C1DBA /* crown.png */; };
		B5827EE21DB31641003C1DBA /* clock.png in Resources */ = {isa = PBXBuildFile; fileRef = B5827EE01DB31641003C1DBA /* clock.png */; };
		B5827EE51DB32E6A003C1DBA /* Images.xcassets in Resources */ = {isa = PBXBuildFile; fileRef = B5827EE41DB32E6A003C1DBA /* Images.xcassets */; };
		B5D0F97B1DB2CEB000D51DEF /* MovieListItemCell.swift in Sources */ = {isa = PBXBuildFile; fileRef = B5D0F97A1DB2CEB000D51DEF /* MovieListItemCell.swift */; };
		C53ED7C5642A857F89426626 /* Pods_flixTests.framework in Frameworks */ = {isa = PBXBuildFile; fileRef = A6E8AA9B4CFC71D15EBFF32C /* Pods_flixTests.framework */; };
/* End PBXBuildFile section */

/* Begin PBXContainerItemProxy section */
		B51BBFFE1DB2B750009F1AC8 /* PBXContainerItemProxy */ = {
			isa = PBXContainerItemProxy;
			containerPortal = B51BBFE11DB2B750009F1AC8 /* Project object */;
			proxyType = 1;
			remoteGlobalIDString = B51BBFE81DB2B750009F1AC8;
			remoteInfo = flix;
		};
		B51BC0091DB2B750009F1AC8 /* PBXContainerItemProxy */ = {
			isa = PBXContainerItemProxy;
			containerPortal = B51BBFE11DB2B750009F1AC8 /* Project object */;
			proxyType = 1;
			remoteGlobalIDString = B51BBFE81DB2B750009F1AC8;
			remoteInfo = flix;
		};
/* End PBXContainerItemProxy section */

/* Begin PBXFileReference section */
		18325C312FB359D6E44EB676 /* Pods-flix.release.xcconfig */ = {isa = PBXFileReference; includeInIndex = 1; lastKnownFileType = text.xcconfig; name = "Pods-flix.release.xcconfig"; path = "Pods/Target Support Files/Pods-flix/Pods-flix.release.xcconfig"; sourceTree = "<group>"; };
		5E398B614C2BC35CEAC7EAD7 /* Pods-flix.debug.xcconfig */ = {isa = PBXFileReference; includeInIndex = 1; lastKnownFileType = text.xcconfig; name = "Pods-flix.debug.xcconfig"; path = "Pods/Target Support Files/Pods-flix/Pods-flix.debug.xcconfig"; sourceTree = "<group>"; };
		67F57BE67D5056B0E3344518 /* Pods_flix.framework */ = {isa = PBXFileReference; explicitFileType = wrapper.framework; includeInIndex = 0; path = Pods_flix.framework; sourceTree = BUILT_PRODUCTS_DIR; };
		A6E8AA9B4CFC71D15EBFF32C /* Pods_flixTests.framework */ = {isa = PBXFileReference; explicitFileType = wrapper.framework; includeInIndex = 0; path = Pods_flixTests.framework; sourceTree = BUILT_PRODUCTS_DIR; };
		A99884AEE99581C3B9CF4811 /* Pods-flixTests.debug.xcconfig */ = {isa = PBXFileReference; includeInIndex = 1; lastKnownFileType = text.xcconfig; name = "Pods-flixTests.debug.xcconfig"; path = "Pods/Target Support Files/Pods-flixTests/Pods-flixTests.debug.xcconfig"; sourceTree = "<group>"; };
		B508ABFD1DB2D5B30041BEFC /* MovieDetailViewController.swift */ = {isa = PBXFileReference; fileEncoding = 4; lastKnownFileType = sourcecode.swift; path = MovieDetailViewController.swift; sourceTree = "<group>"; };
		B508ABFF1DB2D8670041BEFC /* Movie.swift */ = {isa = PBXFileReference; fileEncoding = 4; lastKnownFileType = sourcecode.swift; path = Movie.swift; sourceTree = "<group>"; };
		B51BBFE91DB2B750009F1AC8 /* flix.app */ = {isa = PBXFileReference; explicitFileType = wrapper.application; includeInIndex = 0; path = flix.app; sourceTree = BUILT_PRODUCTS_DIR; };
		B51BBFEC1DB2B750009F1AC8 /* AppDelegate.swift */ = {isa = PBXFileReference; lastKnownFileType = sourcecode.swift; path = AppDelegate.swift; sourceTree = "<group>"; };
		B51BBFEE1DB2B750009F1AC8 /* MoviesViewController.swift */ = {isa = PBXFileReference; lastKnownFileType = sourcecode.swift; path = MoviesViewController.swift; sourceTree = "<group>"; };
		B51BBFF11DB2B750009F1AC8 /* Base */ = {isa = PBXFileReference; lastKnownFileType = file.storyboard; name = Base; path = Base.lproj/Main.storyboard; sourceTree = "<group>"; };
		B51BBFF61DB2B750009F1AC8 /* Base */ = {isa = PBXFileReference; lastKnownFileType = file.storyboard; name = Base; path = Base.lproj/LaunchScreen.storyboard; sourceTree = "<group>"; };
		B51BBFF81DB2B750009F1AC8 /* Info.plist */ = {isa = PBXFileReference; lastKnownFileType = text.plist.xml; path = Info.plist; sourceTree = "<group>"; };
		B51BBFFD1DB2B750009F1AC8 /* flixTests.xctest */ = {isa = PBXFileReference; explicitFileType = wrapper.cfbundle; includeInIndex = 0; path = flixTests.xctest; sourceTree = BUILT_PRODUCTS_DIR; };
		B51BC0011DB2B750009F1AC8 /* flixTests.swift */ = {isa = PBXFileReference; lastKnownFileType = sourcecode.swift; path = flixTests.swift; sourceTree = "<group>"; };
		B51BC0031DB2B750009F1AC8 /* Info.plist */ = {isa = PBXFileReference; lastKnownFileType = text.plist.xml; path = Info.plist; sourceTree = "<group>"; };
		B51BC0081DB2B750009F1AC8 /* flixUITests.xctest */ = {isa = PBXFileReference; explicitFileType = wrapper.cfbundle; includeInIndex = 0; path = flixUITests.xctest; sourceTree = BUILT_PRODUCTS_DIR; };
		B51BC00C1DB2B750009F1AC8 /* flixUITests.swift */ = {isa = PBXFileReference; lastKnownFileType = sourcecode.swift; path = flixUITests.swift; sourceTree = "<group>"; };
		B51BC00E1DB2B750009F1AC8 /* Info.plist */ = {isa = PBXFileReference; lastKnownFileType = text.plist.xml; path = Info.plist; sourceTree = "<group>"; };
		B575FB261DB401D60064268B /* TrailerPlayerViewController.swift */ = {isa = PBXFileReference; fileEncoding = 4; lastKnownFileType = sourcecode.swift; path = TrailerPlayerViewController.swift; sourceTree = "<group>"; };
		B5827EDF1DB31641003C1DBA /* crown.png */ = {isa = PBXFileReference; lastKnownFileType = image.png; path = crown.png; sourceTree = "<group>"; };
		B5827EE01DB31641003C1DBA /* clock.png */ = {isa = PBXFileReference; lastKnownFileType = image.png; path = clock.png; sourceTree = "<group>"; };
		B5827EE41DB32E6A003C1DBA /* Images.xcassets */ = {isa = PBXFileReference; lastKnownFileType = folder.assetcatalog; path = Images.xcassets; sourceTree = "<group>"; };
		B5D0F97A1DB2CEB000D51DEF /* MovieListItemCell.swift */ = {isa = PBXFileReference; fileEncoding = 4; lastKnownFileType = sourcecode.swift; path = MovieListItemCell.swift; sourceTree = "<group>"; };
		B8202301A5CD0A39C471E734 /* Pods-flixUITests.release.xcconfig */ = {isa = PBXFileReference; includeInIndex = 1; lastKnownFileType = text.xcconfig; name = "Pods-flixUITests.release.xcconfig"; path = "Pods/Target Support Files/Pods-flixUITests/Pods-flixUITests.release.xcconfig"; sourceTree = "<group>"; };
		C056BEE2366F5EE9FC55EF5D /* Pods_flixUITests.framework */ = {isa = PBXFileReference; explicitFileType = wrapper.framework; includeInIndex = 0; path = Pods_flixUITests.framework; sourceTree = BUILT_PRODUCTS_DIR; };
		D03FD576994B9BD45E697FE7 /* Pods-flixUITests.debug.xcconfig */ = {isa = PBXFileReference; includeInIndex = 1; lastKnownFileType = text.xcconfig; name = "Pods-flixUITests.debug.xcconfig"; path = "Pods/Target Support Files/Pods-flixUITests/Pods-flixUITests.debug.xcconfig"; sourceTree = "<group>"; };
		FFA7D273DC6ED748DCCA4E8B /* Pods-flixTests.release.xcconfig */ = {isa = PBXFileReference; includeInIndex = 1; lastKnownFileType = text.xcconfig; name = "Pods-flixTests.release.xcconfig"; path = "Pods/Target Support Files/Pods-flixTests/Pods-flixTests.release.xcconfig"; sourceTree = "<group>"; };
/* End PBXFileReference section */

/* Begin PBXFrameworksBuildPhase section */
		B51BBFE61DB2B750009F1AC8 /* Frameworks */ = {
			isa = PBXFrameworksBuildPhase;
			buildActionMask = 2147483647;
			files = (
				03D48D5939DCB3E7CB37504B /* Pods_flix.framework in Frameworks */,
			);
			runOnlyForDeploymentPostprocessing = 0;
		};
		B51BBFFA1DB2B750009F1AC8 /* Frameworks */ = {
			isa = PBXFrameworksBuildPhase;
			buildActionMask = 2147483647;
			files = (
				C53ED7C5642A857F89426626 /* Pods_flixTests.framework in Frameworks */,
			);
			runOnlyForDeploymentPostprocessing = 0;
		};
		B51BC0051DB2B750009F1AC8 /* Frameworks */ = {
			isa = PBXFrameworksBuildPhase;
			buildActionMask = 2147483647;
			files = (
				9F9D54EA9875A0A5C05E3DB2 /* Pods_flixUITests.framework in Frameworks */,
			);
			runOnlyForDeploymentPostprocessing = 0;
		};
/* End PBXFrameworksBuildPhase section */

/* Begin PBXGroup section */
		2D9208B4D0041F820ABDE697 /* Frameworks */ = {
			isa = PBXGroup;
			children = (
				67F57BE67D5056B0E3344518 /* Pods_flix.framework */,
				A6E8AA9B4CFC71D15EBFF32C /* Pods_flixTests.framework */,
				C056BEE2366F5EE9FC55EF5D /* Pods_flixUITests.framework */,
			);
			name = Frameworks;
			sourceTree = "<group>";
		};
		B51BBFE01DB2B750009F1AC8 = {
			isa = PBXGroup;
			children = (
				B51BBFEB1DB2B750009F1AC8 /* flix */,
				B51BC0001DB2B750009F1AC8 /* flixTests */,
				B51BC00B1DB2B750009F1AC8 /* flixUITests */,
				B51BBFEA1DB2B750009F1AC8 /* Products */,
				F3AE3E681977942287FF0825 /* Pods */,
				2D9208B4D0041F820ABDE697 /* Frameworks */,
			);
			sourceTree = "<group>";
		};
		B51BBFEA1DB2B750009F1AC8 /* Products */ = {
			isa = PBXGroup;
			children = (
				B51BBFE91DB2B750009F1AC8 /* flix.app */,
				B51BBFFD1DB2B750009F1AC8 /* flixTests.xctest */,
				B51BC0081DB2B750009F1AC8 /* flixUITests.xctest */,
			);
			name = Products;
			sourceTree = "<group>";
		};
		B51BBFEB1DB2B750009F1AC8 /* flix */ = {
			isa = PBXGroup;
			children = (
				B51BBFEC1DB2B750009F1AC8 /* AppDelegate.swift */,
				B51BBFEE1DB2B750009F1AC8 /* MoviesViewController.swift */,
				B51BBFF01DB2B750009F1AC8 /* Main.storyboard */,
				B5827EE01DB31641003C1DBA /* clock.png */,
				B5827EDF1DB31641003C1DBA /* crown.png */,
				B51BBFF51DB2B750009F1AC8 /* LaunchScreen.storyboard */,
				B51BBFF81DB2B750009F1AC8 /* Info.plist */,
				B5D0F97A1DB2CEB000D51DEF /* MovieListItemCell.swift */,
				B508ABFD1DB2D5B30041BEFC /* MovieDetailViewController.swift */,
				B508ABFF1DB2D8670041BEFC /* Movie.swift */,
				B5827EE41DB32E6A003C1DBA /* Images.xcassets */,
				B575FB261DB401D60064268B /* TrailerPlayerViewController.swift */,
			);
			path = flix;
			sourceTree = "<group>";
		};
		B51BC0001DB2B750009F1AC8 /* flixTests */ = {
			isa = PBXGroup;
			children = (
				B51BC0011DB2B750009F1AC8 /* flixTests.swift */,
				B51BC0031DB2B750009F1AC8 /* Info.plist */,
			);
			path = flixTests;
			sourceTree = "<group>";
		};
		B51BC00B1DB2B750009F1AC8 /* flixUITests */ = {
			isa = PBXGroup;
			children = (
				B51BC00C1DB2B750009F1AC8 /* flixUITests.swift */,
				B51BC00E1DB2B750009F1AC8 /* Info.plist */,
			);
			path = flixUITests;
			sourceTree = "<group>";
		};
		F3AE3E681977942287FF0825 /* Pods */ = {
			isa = PBXGroup;
			children = (
				5E398B614C2BC35CEAC7EAD7 /* Pods-flix.debug.xcconfig */,
				18325C312FB359D6E44EB676 /* Pods-flix.release.xcconfig */,
				A99884AEE99581C3B9CF4811 /* Pods-flixTests.debug.xcconfig */,
				FFA7D273DC6ED748DCCA4E8B /* Pods-flixTests.release.xcconfig */,
				D03FD576994B9BD45E697FE7 /* Pods-flixUITests.debug.xcconfig */,
				B8202301A5CD0A39C471E734 /* Pods-flixUITests.release.xcconfig */,
			);
			name = Pods;
			sourceTree = "<group>";
		};
/* End PBXGroup section */

/* Begin PBXNativeTarget section */
		B51BBFE81DB2B750009F1AC8 /* flix */ = {
			isa = PBXNativeTarget;
			buildConfigurationList = B51BC0111DB2B750009F1AC8 /* Build configuration list for PBXNativeTarget "flix" */;
			buildPhases = (
				985FCF18EAE9956DA4888ED2 /* [CP] Check Pods Manifest.lock */,
				B51BBFE51DB2B750009F1AC8 /* Sources */,
				B51BBFE61DB2B750009F1AC8 /* Frameworks */,
				B51BBFE71DB2B750009F1AC8 /* Resources */,
				1485732B03BB376399F12421 /* [CP] Embed Pods Frameworks */,
				DA37F74751C1776A55289680 /* [CP] Copy Pods Resources */,
			);
			buildRules = (
			);
			dependencies = (
			);
			name = flix;
			productName = flix;
			productReference = B51BBFE91DB2B750009F1AC8 /* flix.app */;
			productType = "com.apple.product-type.application";
		};
		B51BBFFC1DB2B750009F1AC8 /* flixTests */ = {
			isa = PBXNativeTarget;
			buildConfigurationList = B51BC0141DB2B750009F1AC8 /* Build configuration list for PBXNativeTarget "flixTests" */;
			buildPhases = (
				FA45E8C769449E72E3C67F86 /* [CP] Check Pods Manifest.lock */,
				B51BBFF91DB2B750009F1AC8 /* Sources */,
				B51BBFFA1DB2B750009F1AC8 /* Frameworks */,
				B51BBFFB1DB2B750009F1AC8 /* Resources */,
				D5AB0242F99B24014C7F612B /* [CP] Embed Pods Frameworks */,
				95F8E1CF722224D42C02B259 /* [CP] Copy Pods Resources */,
			);
			buildRules = (
			);
			dependencies = (
				B51BBFFF1DB2B750009F1AC8 /* PBXTargetDependency */,
			);
			name = flixTests;
			productName = flixTests;
			productReference = B51BBFFD1DB2B750009F1AC8 /* flixTests.xctest */;
			productType = "com.apple.product-type.bundle.unit-test";
		};
		B51BC0071DB2B750009F1AC8 /* flixUITests */ = {
			isa = PBXNativeTarget;
			buildConfigurationList = B51BC0171DB2B750009F1AC8 /* Build configuration list for PBXNativeTarget "flixUITests" */;
			buildPhases = (
				1B0D3A29E112B2EBAE06EC4D /* [CP] Check Pods Manifest.lock */,
				B51BC0041DB2B750009F1AC8 /* Sources */,
				B51BC0051DB2B750009F1AC8 /* Frameworks */,
				B51BC0061DB2B750009F1AC8 /* Resources */,
				3E128BCF22BBBB9024DF866E /* [CP] Embed Pods Frameworks */,
				34209595501DBE28F0C268B3 /* [CP] Copy Pods Resources */,
			);
			buildRules = (
			);
			dependencies = (
				B51BC00A1DB2B750009F1AC8 /* PBXTargetDependency */,
			);
			name = flixUITests;
			productName = flixUITests;
			productReference = B51BC0081DB2B750009F1AC8 /* flixUITests.xctest */;
			productType = "com.apple.product-type.bundle.ui-testing";
		};
/* End PBXNativeTarget section */

/* Begin PBXProject section */
		B51BBFE11DB2B750009F1AC8 /* Project object */ = {
			isa = PBXProject;
			attributes = {
				LastSwiftUpdateCheck = 0800;
				LastUpgradeCheck = 0800;
				ORGANIZATIONNAME = "Ben Jones";
				TargetAttributes = {
					B51BBFE81DB2B750009F1AC8 = {
						CreatedOnToolsVersion = 8.0;
						DevelopmentTeam = 7UU2653S98;
						ProvisioningStyle = Automatic;
					};
					B51BBFFC1DB2B750009F1AC8 = {
						CreatedOnToolsVersion = 8.0;
						DevelopmentTeam = 7UU2653S98;
						ProvisioningStyle = Automatic;
						TestTargetID = B51BBFE81DB2B750009F1AC8;
					};
					B51BC0071DB2B750009F1AC8 = {
						CreatedOnToolsVersion = 8.0;
						DevelopmentTeam = 7UU2653S98;
						ProvisioningStyle = Automatic;
						TestTargetID = B51BBFE81DB2B750009F1AC8;
					};
				};
			};
			buildConfigurationList = B51BBFE41DB2B750009F1AC8 /* Build configuration list for PBXProject "flix" */;
			compatibilityVersion = "Xcode 3.2";
			developmentRegion = English;
			hasScannedForEncodings = 0;
			knownRegions = (
				en,
				Base,
			);
			mainGroup = B51BBFE01DB2B750009F1AC8;
			productRefGroup = B51BBFEA1DB2B750009F1AC8 /* Products */;
			projectDirPath = "";
			projectRoot = "";
			targets = (
				B51BBFE81DB2B750009F1AC8 /* flix */,
				B51BBFFC1DB2B750009F1AC8 /* flixTests */,
				B51BC0071DB2B750009F1AC8 /* flixUITests */,
			);
		};
/* End PBXProject section */

/* Begin PBXResourcesBuildPhase section */
		B51BBFE71DB2B750009F1AC8 /* Resources */ = {
			isa = PBXResourcesBuildPhase;
			buildActionMask = 2147483647;
			files = (
				B51BBFF71DB2B750009F1AC8 /* LaunchScreen.storyboard in Resources */,
				B5827EE51DB32E6A003C1DBA /* Images.xcassets in Resources */,
				B5827EE21DB31641003C1DBA /* clock.png in Resources */,
				B51BBFF21DB2B750009F1AC8 /* Main.storyboard in Resources */,
				B5827EE11DB31641003C1DBA /* crown.png in Resources */,
			);
			runOnlyForDeploymentPostprocessing = 0;
		};
		B51BBFFB1DB2B750009F1AC8 /* Resources */ = {
			isa = PBXResourcesBuildPhase;
			buildActionMask = 2147483647;
			files = (
			);
			runOnlyForDeploymentPostprocessing = 0;
		};
		B51BC0061DB2B750009F1AC8 /* Resources */ = {
			isa = PBXResourcesBuildPhase;
			buildActionMask = 2147483647;
			files = (
			);
			runOnlyForDeploymentPostprocessing = 0;
		};
/* End PBXResourcesBuildPhase section */

/* Begin PBXShellScriptBuildPhase section */
		1485732B03BB376399F12421 /* [CP] Embed Pods Frameworks */ = {
			isa = PBXShellScriptBuildPhase;
			buildActionMask = 2147483647;
			files = (
			);
			inputPaths = (
			);
			name = "[CP] Embed Pods Frameworks";
			outputPaths = (
			);
			runOnlyForDeploymentPostprocessing = 0;
			shellPath = /bin/sh;
			shellScript = "\"${SRCROOT}/Pods/Target Support Files/Pods-flix/Pods-flix-frameworks.sh\"\n";
			showEnvVarsInLog = 0;
		};
		1B0D3A29E112B2EBAE06EC4D /* [CP] Check Pods Manifest.lock */ = {
			isa = PBXShellScriptBuildPhase;
			buildActionMask = 2147483647;
			files = (
			);
			inputPaths = (
			);
			name = "[CP] Check Pods Manifest.lock";
			outputPaths = (
			);
			runOnlyForDeploymentPostprocessing = 0;
			shellPath = /bin/sh;
			shellScript = "diff \"${PODS_ROOT}/../Podfile.lock\" \"${PODS_ROOT}/Manifest.lock\" > /dev/null\nif [ $? != 0 ] ; then\n    # print error to STDERR\n    echo \"error: The sandbox is not in sync with the Podfile.lock. Run 'pod install' or update your CocoaPods installation.\" >&2\n    exit 1\nfi\n";
			showEnvVarsInLog = 0;
		};
		34209595501DBE28F0C268B3 /* [CP] Copy Pods Resources */ = {
			isa = PBXShellScriptBuildPhase;
			buildActionMask = 2147483647;
			files = (
			);
			inputPaths = (
			);
			name = "[CP] Copy Pods Resources";
			outputPaths = (
			);
			runOnlyForDeploymentPostprocessing = 0;
			shellPath = /bin/sh;
			shellScript = "\"${SRCROOT}/Pods/Target Support Files/Pods-flixUITests/Pods-flixUITests-resources.sh\"\n";
			showEnvVarsInLog = 0;
		};
		3E128BCF22BBBB9024DF866E /* [CP] Embed Pods Frameworks */ = {
			isa = PBXShellScriptBuildPhase;
			buildActionMask = 2147483647;
			files = (
			);
			inputPaths = (
			);
			name = "[CP] Embed Pods Frameworks";
			outputPaths = (
			);
			runOnlyForDeploymentPostprocessing = 0;
			shellPath = /bin/sh;
			shellScript = "\"${SRCROOT}/Pods/Target Support Files/Pods-flixUITests/Pods-flixUITests-frameworks.sh\"\n";
			showEnvVarsInLog = 0;
		};
		95F8E1CF722224D42C02B259 /* [CP] Copy Pods Resources */ = {
			isa = PBXShellScriptBuildPhase;
			buildActionMask = 2147483647;
			files = (
			);
			inputPaths = (
			);
			name = "[CP] Copy Pods Resources";
			outputPaths = (
			);
			runOnlyForDeploymentPostprocessing = 0;
			shellPath = /bin/sh;
			shellScript = "\"${SRCROOT}/Pods/Target Support Files/Pods-flixTests/Pods-flixTests-resources.sh\"\n";
			showEnvVarsInLog = 0;
		};
		985FCF18EAE9956DA4888ED2 /* [CP] Check Pods Manifest.lock */ = {
			isa = PBXShellScriptBuildPhase;
			buildActionMask = 2147483647;
			files = (
			);
			inputPaths = (
			);
			name = "[CP] Check Pods Manifest.lock";
			outputPaths = (
			);
			runOnlyForDeploymentPostprocessing = 0;
			shellPath = /bin/sh;
			shellScript = "diff \"${PODS_ROOT}/../Podfile.lock\" \"${PODS_ROOT}/Manifest.lock\" > /dev/null\nif [ $? != 0 ] ; then\n    # print error to STDERR\n    echo \"error: The sandbox is not in sync with the Podfile.lock. Run 'pod install' or update your CocoaPods installation.\" >&2\n    exit 1\nfi\n";
			showEnvVarsInLog = 0;
		};
		D5AB0242F99B24014C7F612B /* [CP] Embed Pods Frameworks */ = {
			isa = PBXShellScriptBuildPhase;
			buildActionMask = 2147483647;
			files = (
			);
			inputPaths = (
			);
			name = "[CP] Embed Pods Frameworks";
			outputPaths = (
			);
			runOnlyForDeploymentPostprocessing = 0;
			shellPath = /bin/sh;
			shellScript = "\"${SRCROOT}/Pods/Target Support Files/Pods-flixTests/Pods-flixTests-frameworks.sh\"\n";
			showEnvVarsInLog = 0;
		};
		DA37F74751C1776A55289680 /* [CP] Copy Pods Resources */ = {
			isa = PBXShellScriptBuildPhase;
			buildActionMask = 2147483647;
			files = (
			);
			inputPaths = (
			);
			name = "[CP] Copy Pods Resources";
			outputPaths = (
			);
			runOnlyForDeploymentPostprocessing = 0;
			shellPath = /bin/sh;
			shellScript = "\"${SRCROOT}/Pods/Target Support Files/Pods-flix/Pods-flix-resources.sh\"\n";
			showEnvVarsInLog = 0;
		};
		FA45E8C769449E72E3C67F86 /* [CP] Check Pods Manifest.lock */ = {
			isa = PBXShellScriptBuildPhase;
			buildActionMask = 2147483647;
			files = (
			);
			inputPaths = (
			);
			name = "[CP] Check Pods Manifest.lock";
			outputPaths = (
			);
			runOnlyForDeploymentPostprocessing = 0;
			shellPath = /bin/sh;
			shellScript = "diff \"${PODS_ROOT}/../Podfile.lock\" \"${PODS_ROOT}/Manifest.lock\" > /dev/null\nif [ $? != 0 ] ; then\n    # print error to STDERR\n    echo \"error: The sandbox is not in sync with the Podfile.lock. Run 'pod install' or update your CocoaPods installation.\" >&2\n    exit 1\nfi\n";
			showEnvVarsInLog = 0;
		};
/* End PBXShellScriptBuildPhase section */

/* Begin PBXSourcesBuildPhase section */
		B51BBFE51DB2B750009F1AC8 /* Sources */ = {
			isa = PBXSourcesBuildPhase;
			buildActionMask = 2147483647;
			files = (
				B508ABFE1DB2D5B30041BEFC /* MovieDetailViewController.swift in Sources */,
				B5D0F97B1DB2CEB000D51DEF /* MovieListItemCell.swift in Sources */,
				B51BBFEF1DB2B750009F1AC8 /* MoviesViewController.swift in Sources */,
				B51BBFED1DB2B750009F1AC8 /* AppDelegate.swift in Sources */,
				B508AC001DB2D8670041BEFC /* Movie.swift in Sources */,
				B575FB271DB401D60064268B /* TrailerPlayerViewController.swift in Sources */,
			);
			runOnlyForDeploymentPostprocessing = 0;
		};
		B51BBFF91DB2B750009F1AC8 /* Sources */ = {
			isa = PBXSourcesBuildPhase;
			buildActionMask = 2147483647;
			files = (
				B51BC0021DB2B750009F1AC8 /* flixTests.swift in Sources */,
			);
			runOnlyForDeploymentPostprocessing = 0;
		};
		B51BC0041DB2B750009F1AC8 /* Sources */ = {
			isa = PBXSourcesBuildPhase;
			buildActionMask = 2147483647;
			files = (
				B51BC00D1DB2B750009F1AC8 /* flixUITests.swift in Sources */,
			);
			runOnlyForDeploymentPostprocessing = 0;
		};
/* End PBXSourcesBuildPhase section */

/* Begin PBXTargetDependency section */
		B51BBFFF1DB2B750009F1AC8 /* PBXTargetDependency */ = {
			isa = PBXTargetDependency;
			target = B51BBFE81DB2B750009F1AC8 /* flix */;
			targetProxy = B51BBFFE1DB2B750009F1AC8 /* PBXContainerItemProxy */;
		};
		B51BC00A1DB2B750009F1AC8 /* PBXTargetDependency */ = {
			isa = PBXTargetDependency;
			target = B51BBFE81DB2B750009F1AC8 /* flix */;
			targetProxy = B51BC0091DB2B750009F1AC8 /* PBXContainerItemProxy */;
		};
/* End PBXTargetDependency section */

/* Begin PBXVariantGroup section */
		B51BBFF01DB2B750009F1AC8 /* Main.storyboard */ = {
			isa = PBXVariantGroup;
			children = (
				B51BBFF11DB2B750009F1AC8 /* Base */,
			);
			name = Main.storyboard;
			sourceTree = "<group>";
		};
		B51BBFF51DB2B750009F1AC8 /* LaunchScreen.storyboard */ = {
			isa = PBXVariantGroup;
			children = (
				B51BBFF61DB2B750009F1AC8 /* Base */,
			);
			name = LaunchScreen.storyboard;
			sourceTree = "<group>";
		};
/* End PBXVariantGroup section */

/* Begin XCBuildConfiguration section */
		B51BC00F1DB2B750009F1AC8 /* Debug */ = {
			isa = XCBuildConfiguration;
			buildSettings = {
				ALWAYS_SEARCH_USER_PATHS = NO;
				CLANG_ANALYZER_NONNULL = YES;
				CLANG_CXX_LANGUAGE_STANDARD = "gnu++0x";
				CLANG_CXX_LIBRARY = "libc++";
				CLANG_ENABLE_MODULES = YES;
				CLANG_ENABLE_OBJC_ARC = YES;
				CLANG_WARN_BOOL_CONVERSION = YES;
				CLANG_WARN_CONSTANT_CONVERSION = YES;
				CLANG_WARN_DIRECT_OBJC_ISA_USAGE = YES_ERROR;
				CLANG_WARN_DOCUMENTATION_COMMENTS = YES;
				CLANG_WARN_EMPTY_BODY = YES;
				CLANG_WARN_ENUM_CONVERSION = YES;
				CLANG_WARN_INFINITE_RECURSION = YES;
				CLANG_WARN_INT_CONVERSION = YES;
				CLANG_WARN_OBJC_ROOT_CLASS = YES_ERROR;
				CLANG_WARN_SUSPICIOUS_MOVE = YES;
				CLANG_WARN_SUSPICIOUS_MOVES = YES;
				CLANG_WARN_UNREACHABLE_CODE = YES;
				CLANG_WARN__DUPLICATE_METHOD_MATCH = YES;
				"CODE_SIGN_IDENTITY[sdk=iphoneos*]" = "iPhone Developer";
				COPY_PHASE_STRIP = NO;
				DEBUG_INFORMATION_FORMAT = dwarf;
				ENABLE_STRICT_OBJC_MSGSEND = YES;
				ENABLE_TESTABILITY = YES;
				GCC_C_LANGUAGE_STANDARD = gnu99;
				GCC_DYNAMIC_NO_PIC = NO;
				GCC_NO_COMMON_BLOCKS = YES;
				GCC_OPTIMIZATION_LEVEL = 0;
				GCC_PREPROCESSOR_DEFINITIONS = (
					"DEBUG=1",
					"$(inherited)",
				);
				GCC_WARN_64_TO_32_BIT_CONVERSION = YES;
				GCC_WARN_ABOUT_RETURN_TYPE = YES_ERROR;
				GCC_WARN_UNDECLARED_SELECTOR = YES;
				GCC_WARN_UNINITIALIZED_AUTOS = YES_AGGRESSIVE;
				GCC_WARN_UNUSED_FUNCTION = YES;
				GCC_WARN_UNUSED_VARIABLE = YES;
				IPHONEOS_DEPLOYMENT_TARGET = 9.0;
				MTL_ENABLE_DEBUG_INFO = YES;
				ONLY_ACTIVE_ARCH = YES;
				SDKROOT = iphoneos;
				SWIFT_ACTIVE_COMPILATION_CONDITIONS = DEBUG;
				SWIFT_OBJC_BRIDGING_HEADER = "";
				SWIFT_OPTIMIZATION_LEVEL = "-Onone";
				TARGETED_DEVICE_FAMILY = "1,2";
			};
			name = Debug;
		};
		B51BC0101DB2B750009F1AC8 /* Release */ = {
			isa = XCBuildConfiguration;
			buildSettings = {
				ALWAYS_SEARCH_USER_PATHS = NO;
				CLANG_ANALYZER_NONNULL = YES;
				CLANG_CXX_LANGUAGE_STANDARD = "gnu++0x";
				CLANG_CXX_LIBRARY = "libc++";
				CLANG_ENABLE_MODULES = YES;
				CLANG_ENABLE_OBJC_ARC = YES;
				CLANG_WARN_BOOL_CONVERSION = YES;
				CLANG_WARN_CONSTANT_CONVERSION = YES;
				CLANG_WARN_DIRECT_OBJC_ISA_USAGE = YES_ERROR;
				CLANG_WARN_DOCUMENTATION_COMMENTS = YES;
				CLANG_WARN_EMPTY_BODY = YES;
				CLANG_WARN_ENUM_CONVERSION = YES;
				CLANG_WARN_INFINITE_RECURSION = YES;
				CLANG_WARN_INT_CONVERSION = YES;
				CLANG_WARN_OBJC_ROOT_CLASS = YES_ERROR;
				CLANG_WARN_SUSPICIOUS_MOVE = YES;
				CLANG_WARN_SUSPICIOUS_MOVES = YES;
				CLANG_WARN_UNREACHABLE_CODE = YES;
				CLANG_WARN__DUPLICATE_METHOD_MATCH = YES;
				"CODE_SIGN_IDENTITY[sdk=iphoneos*]" = "iPhone Developer";
				COPY_PHASE_STRIP = NO;
				DEBUG_INFORMATION_FORMAT = "dwarf-with-dsym";
				ENABLE_NS_ASSERTIONS = NO;
				ENABLE_STRICT_OBJC_MSGSEND = YES;
				GCC_C_LANGUAGE_STANDARD = gnu99;
				GCC_NO_COMMON_BLOCKS = YES;
				GCC_WARN_64_TO_32_BIT_CONVERSION = YES;
				GCC_WARN_ABOUT_RETURN_TYPE = YES_ERROR;
				GCC_WARN_UNDECLARED_SELECTOR = YES;
				GCC_WARN_UNINITIALIZED_AUTOS = YES_AGGRESSIVE;
				GCC_WARN_UNUSED_FUNCTION = YES;
				GCC_WARN_UNUSED_VARIABLE = YES;
				IPHONEOS_DEPLOYMENT_TARGET = 9.0;
				MTL_ENABLE_DEBUG_INFO = NO;
				SDKROOT = iphoneos;
				SWIFT_OBJC_BRIDGING_HEADER = "";
				SWIFT_OPTIMIZATION_LEVEL = "-Owholemodule";
				TARGETED_DEVICE_FAMILY = "1,2";
				VALIDATE_PRODUCT = YES;
			};
			name = Release;
		};
		B51BC0121DB2B750009F1AC8 /* Debug */ = {
			isa = XCBuildConfiguration;
			baseConfigurationReference = 5E398B614C2BC35CEAC7EAD7 /* Pods-flix.debug.xcconfig */;
			buildSettings = {
				ALWAYS_EMBED_SWIFT_STANDARD_LIBRARIES = YES;
				ASSETCATALOG_COMPILER_APPICON_NAME = "AppIcon-1";
				DEVELOPMENT_TEAM = 7UU2653S98;
				INFOPLIST_FILE = flix/Info.plist;
				IPHONEOS_DEPLOYMENT_TARGET = 9.0;
				LD_RUNPATH_SEARCH_PATHS = "$(inherited) @executable_path/Frameworks";
				PRODUCT_BUNDLE_IDENTIFIER = benjones.flix;
				PRODUCT_NAME = "$(TARGET_NAME)";
				SWIFT_OBJC_BRIDGING_HEADER = "";
				SWIFT_VERSION = 3.0;
			};
			name = Debug;
		};
		B51BC0131DB2B750009F1AC8 /* Release */ = {
			isa = XCBuildConfiguration;
			baseConfigurationReference = 18325C312FB359D6E44EB676 /* Pods-flix.release.xcconfig */;
			buildSettings = {
				ALWAYS_EMBED_SWIFT_STANDARD_LIBRARIES = YES;
				ASSETCATALOG_COMPILER_APPICON_NAME = "AppIcon-1";
				DEVELOPMENT_TEAM = 7UU2653S98;
				INFOPLIST_FILE = flix/Info.plist;
				IPHONEOS_DEPLOYMENT_TARGET = 9.0;
				LD_RUNPATH_SEARCH_PATHS = "$(inherited) @executable_path/Frameworks";
				PRODUCT_BUNDLE_IDENTIFIER = benjones.flix;
				PRODUCT_NAME = "$(TARGET_NAME)";
				SWIFT_OBJC_BRIDGING_HEADER = "";
				SWIFT_VERSION = 3.0;
			};
			name = Release;
		};
		B51BC0151DB2B750009F1AC8 /* Debug */ = {
			isa = XCBuildConfiguration;
			baseConfigurationReference = A99884AEE99581C3B9CF4811 /* Pods-flixTests.debug.xcconfig */;
			buildSettings = {
				ALWAYS_EMBED_SWIFT_STANDARD_LIBRARIES = YES;
				BUNDLE_LOADER = "$(TEST_HOST)";
				DEVELOPMENT_TEAM = 7UU2653S98;
				INFOPLIST_FILE = flixTests/Info.plist;
				LD_RUNPATH_SEARCH_PATHS = "$(inherited) @executable_path/Frameworks @loader_path/Frameworks";
				PRODUCT_BUNDLE_IDENTIFIER = benjones.flixTests;
				PRODUCT_NAME = "$(TARGET_NAME)";
				SWIFT_VERSION = 3.0;
				TEST_HOST = "$(BUILT_PRODUCTS_DIR)/flix.app/flix";
			};
			name = Debug;
		};
		B51BC0161DB2B750009F1AC8 /* Release */ = {
			isa = XCBuildConfiguration;
			baseConfigurationReference = FFA7D273DC6ED748DCCA4E8B /* Pods-flixTests.release.xcconfig */;
			buildSettings = {
				ALWAYS_EMBED_SWIFT_STANDARD_LIBRARIES = YES;
				BUNDLE_LOADER = "$(TEST_HOST)";
				DEVELOPMENT_TEAM = 7UU2653S98;
				INFOPLIST_FILE = flixTests/Info.plist;
				LD_RUNPATH_SEARCH_PATHS = "$(inherited) @executable_path/Frameworks @loader_path/Frameworks";
				PRODUCT_BUNDLE_IDENTIFIER = benjones.flixTests;
				PRODUCT_NAME = "$(TARGET_NAME)";
				SWIFT_VERSION = 3.0;
				TEST_HOST = "$(BUILT_PRODUCTS_DIR)/flix.app/flix";
			};
			name = Release;
		};
		B51BC0181DB2B750009F1AC8 /* Debug */ = {
			isa = XCBuildConfiguration;
			baseConfigurationReference = D03FD576994B9BD45E697FE7 /* Pods-flixUITests.debug.xcconfig */;
			buildSettings = {
				ALWAYS_EMBED_SWIFT_STANDARD_LIBRARIES = YES;
				DEVELOPMENT_TEAM = 7UU2653S98;
				INFOPLIST_FILE = flixUITests/Info.plist;
				LD_RUNPATH_SEARCH_PATHS = "$(inherited) @executable_path/Frameworks @loader_path/Frameworks";
				PRODUCT_BUNDLE_IDENTIFIER = benjones.flixUITests;
				PRODUCT_NAME = "$(TARGET_NAME)";
				SWIFT_VERSION = 3.0;
				TEST_TARGET_NAME = flix;
			};
			name = Debug;
		};
		B51BC0191DB2B750009F1AC8 /* Release */ = {
			isa = XCBuildConfiguration;
			baseConfigurationReference = B8202301A5CD0A39C471E734 /* Pods-flixUITests.release.xcconfig */;
			buildSettings = {
				ALWAYS_EMBED_SWIFT_STANDARD_LIBRARIES = YES;
				DEVELOPMENT_TEAM = 7UU2653S98;
				INFOPLIST_FILE = flixUITests/Info.plist;
				LD_RUNPATH_SEARCH_PATHS = "$(inherited) @executable_path/Frameworks @loader_path/Frameworks";
				PRODUCT_BUNDLE_IDENTIFIER = benjones.flixUITests;
				PRODUCT_NAME = "$(TARGET_NAME)";
				SWIFT_VERSION = 3.0;
				TEST_TARGET_NAME = flix;
			};
			name = Release;
		};
/* End XCBuildConfiguration section */

/* Begin XCConfigurationList section */
		B51BBFE41DB2B750009F1AC8 /* Build configuration list for PBXProject "flix" */ = {
			isa = XCConfigurationList;
			buildConfigurations = (
				B51BC00F1DB2B750009F1AC8 /* Debug */,
				B51BC0101DB2B750009F1AC8 /* Release */,
			);
			defaultConfigurationIsVisible = 0;
			defaultConfigurationName = Release;
		};
		B51BC0111DB2B750009F1AC8 /* Build configuration list for PBXNativeTarget "flix" */ = {
			isa = XCConfigurationList;
			buildConfigurations = (
				B51BC0121DB2B750009F1AC8 /* Debug */,
				B51BC0131DB2B750009F1AC8 /* Release */,
			);
			defaultConfigurationIsVisible = 0;
			defaultConfigurationName = Release;
		};
		B51BC0141DB2B750009F1AC8 /* Build configuration list for PBXNativeTarget "flixTests" */ = {
			isa = XCConfigurationList;
			buildConfigurations = (
				B51BC0151DB2B750009F1AC8 /* Debug */,
				B51BC0161DB2B750009F1AC8 /* Release */,
			);
			defaultConfigurationIsVisible = 0;
			defaultConfigurationName = Release;
		};
		B51BC0171DB2B750009F1AC8 /* Build configuration list for PBXNativeTarget "flixUITests" */ = {
			isa = XCConfigurationList;
			buildConfigurations = (
				B51BC0181DB2B750009F1AC8 /* Debug */,
				B51BC0191DB2B750009F1AC8 /* Release */,
			);
			defaultConfigurationIsVisible = 0;
			defaultConfigurationName = Release;
		};
/* End XCConfigurationList section */
	};
	rootObject = B51BBFE11DB2B750009F1AC8 /* Project object */;
}
